
Microsoft Visual Studio Solution File, Format Version 12.00
# Visual Studio Version 16
VisualStudioVersion = 16.0.32106.194
MinimumVisualStudioVersion = 10.0.40219.1
Project("{FAE04EC0-301F-11D3-BF4B-00C04F79EFBC}") = "PR17_Ионин", "PR17_Ионин\PR17_Ионин.csproj", "{AE075C91-6F0B-474E-AF7E-2F1C14624E04}"
EndProject
Global
	GlobalSection(SolutionConfigurationPlatforms) = preSolution
		Debug|Any CPU = Debug|Any CPU
		Release|Any CPU = Release|Any CPU
	EndGlobalSection
	GlobalSection(ProjectConfigurationPlatforms) = postSolution
		{AE075C91-6F0B-474E-AF7E-2F1C14624E04}.Debug|Any CPU.ActiveCfg = Debug|Any CPU
		{AE075C91-6F0B-474E-AF7E-2F1C14624E04}.Debug|Any CPU.Build.0 = Debug|Any CPU
		{AE075C91-6F0B-474E-AF7E-2F1C14624E04}.Release|Any CPU.ActiveCfg = Release|Any CPU
		{AE075C91-6F0B-474E-AF7E-2F1C14624E04}.Release|Any CPU.Build.0 = Release|Any CPU
	EndGlobalSection
	GlobalSection(SolutionProperties) = preSolution
		HideSolutionNode = FALSE
	EndGlobalSection
	GlobalSection(ExtensibilityGlobals) = postSolution
		SolutionGuid = {49969A91-4C1F-49F8-A265-126BDA4BBFF2}
	EndGlobalSection
EndGlobal
